
Microsoft Visual Studio Solution File, Format Version 12.00
# Visual Studio 15
VisualStudioVersion = 15.0.28307.136
MinimumVisualStudioVersion = 10.0.40219.1
Project("{FAE04EC0-301F-11D3-BF4B-00C04F79EFBC}") = "Sporty.API", "Sporty.API\Sporty.API.csproj", "{9F1C7983-4D51-4342-9676-3B6FB3118C8C}"
EndProject
Project("{FAE04EC0-301F-11D3-BF4B-00C04F79EFBC}") = "Sporty.Tests.API", "Sporty.Tests.API\Sporty.Tests.API.csproj", "{2710845A-EAC5-4EF9-8153-92EC0997BBF0}"
EndProject
Project("{FAE04EC0-301F-11D3-BF4B-00C04F79EFBC}") = "Sporty.Core", "Sporty.Core\Sporty.Core.csproj", "{F7D4618D-9A0E-43F2-A633-BC2089D8DB13}"
EndProject
Global
	GlobalSection(SolutionConfigurationPlatforms) = preSolution
		Debug|Any CPU = Debug|Any CPU
		Release|Any CPU = Release|Any CPU
	EndGlobalSection
	GlobalSection(ProjectConfigurationPlatforms) = postSolution
		{9F1C7983-4D51-4342-9676-3B6FB3118C8C}.Debug|Any CPU.ActiveCfg = Debug|Any CPU
		{9F1C7983-4D51-4342-9676-3B6FB3118C8C}.Debug|Any CPU.Build.0 = Debug|Any CPU
		{9F1C7983-4D51-4342-9676-3B6FB3118C8C}.Release|Any CPU.ActiveCfg = Release|Any CPU
		{9F1C7983-4D51-4342-9676-3B6FB3118C8C}.Release|Any CPU.Build.0 = Release|Any CPU
		{2710845A-EAC5-4EF9-8153-92EC0997BBF0}.Debug|Any CPU.ActiveCfg = Debug|Any CPU
		{2710845A-EAC5-4EF9-8153-92EC0997BBF0}.Debug|Any CPU.Build.0 = Debug|Any CPU
		{2710845A-EAC5-4EF9-8153-92EC0997BBF0}.Release|Any CPU.ActiveCfg = Release|Any CPU
		{2710845A-EAC5-4EF9-8153-92EC0997BBF0}.Release|Any CPU.Build.0 = Release|Any CPU
		{F7D4618D-9A0E-43F2-A633-BC2089D8DB13}.Debug|Any CPU.ActiveCfg = Debug|Any CPU
		{F7D4618D-9A0E-43F2-A633-BC2089D8DB13}.Debug|Any CPU.Build.0 = Debug|Any CPU
		{F7D4618D-9A0E-43F2-A633-BC2089D8DB13}.Release|Any CPU.ActiveCfg = Release|Any CPU
		{F7D4618D-9A0E-43F2-A633-BC2089D8DB13}.Release|Any CPU.Build.0 = Release|Any CPU
	EndGlobalSection
	GlobalSection(SolutionProperties) = preSolution
		HideSolutionNode = FALSE
	EndGlobalSection
	GlobalSection(ExtensibilityGlobals) = postSolution
		SolutionGuid = {CF2367F3-EE82-4A8D-AEEE-F2E53D3EC508}
	EndGlobalSection
EndGlobal
